{
  "lockfileVersion": 1,
  "workspaces": {
    "": {
      "name": "elysia-project",
      "dependencies": {
        "@elysiajs/cookie": "^0.8.0",
        "@elysiajs/html": "^1.2.0",
        "@elysiajs/static": "^1.2.0",
        "@kitajs/ts-html-plugin": "^4.1.1",
        "@prisma/client": "^6.4.1",
        "@types/jsonwebtoken": "^9.0.9",
        "elysia": "1.2.22",
        "jsonwebtoken": "^9.0.2",
        "prisma": "6.4.1",
        "tailwindcss": "4.0.9",
      },
      "devDependencies": {
        "@types/bun": "latest",
      },
      "peerDependencies": {
        "typescript": "^5",
      },
    },
  },
  "packages": {
    "@elysiajs/cookie": ["@elysiajs/cookie@0.8.0", "https://registry.npmmirror.com/@elysiajs/cookie/-/cookie-0.8.0.tgz", { "dependencies": { "@types/cookie": "^0.5.1", "@types/cookie-signature": "^1.1.0", "cookie": "^0.5.0", "cookie-signature": "^1.2.1" }, "peerDependencies": { "elysia": ">= 0.8.0" } }, "sha512-CUtDwdYEoN0BcQ3SgZrB4x5nrbM4ih0sMhMuKKdMlEvqLtmRQDfq9KBCrMJW6L/Q0tPH0JLRqwjEbVb6rJufCw=="],

    "@elysiajs/html": ["@elysiajs/html@1.2.0", "https://registry.npmmirror.com/@elysiajs/html/-/html-1.2.0.tgz", { "dependencies": { "@kitajs/html": "^4.1.0", "@kitajs/ts-html-plugin": "^4.0.1" }, "peerDependencies": { "elysia": ">= 1.2.0" } }, "sha512-j/exB9TLn2/KOMWRfPcJ7MNOsmr85uHRjC+kKPLyb1lRtNDWzgab4deUQrxtIv4gt4PDSKmywNnhyD+GrdnH3w=="],

    "@elysiajs/static": ["@elysiajs/static@1.2.0", "https://registry.npmmirror.com/@elysiajs/static/-/static-1.2.0.tgz", { "dependencies": { "node-cache": "^5.1.2" }, "peerDependencies": { "elysia": ">= 1.2.0" } }, "sha512-oLpAi8c+maPpA0XhhK3BELaIjIG+nXg/K9p8cFfW4q5ayRD59a3MOMOOGgpiXZkHJzLPWcouhhyyLAYtaANW4g=="],

    "@esbuild/aix-ppc64": ["@esbuild/aix-ppc64@0.25.0", "https://registry.npmmirror.com/@esbuild/aix-ppc64/-/aix-ppc64-0.25.0.tgz", { "os": "aix", "cpu": "ppc64" }, "sha512-O7vun9Sf8DFjH2UtqK8Ku3LkquL9SZL8OLY1T5NZkA34+wG3OQF7cl4Ql8vdNzM6fzBbYfLaiRLIOZ+2FOCgBQ=="],

    "@esbuild/android-arm": ["@esbuild/android-arm@0.25.0", "https://registry.npmmirror.com/@esbuild/android-arm/-/android-arm-0.25.0.tgz", { "os": "android", "cpu": "arm" }, "sha512-PTyWCYYiU0+1eJKmw21lWtC+d08JDZPQ5g+kFyxP0V+es6VPPSUhM6zk8iImp2jbV6GwjX4pap0JFbUQN65X1g=="],

    "@esbuild/android-arm64": ["@esbuild/android-arm64@0.25.0", "https://registry.npmmirror.com/@esbuild/android-arm64/-/android-arm64-0.25.0.tgz", { "os": "android", "cpu": "arm64" }, "sha512-grvv8WncGjDSyUBjN9yHXNt+cq0snxXbDxy5pJtzMKGmmpPxeAmAhWxXI+01lU5rwZomDgD3kJwulEnhTRUd6g=="],

    "@esbuild/android-x64": ["@esbuild/android-x64@0.25.0", "https://registry.npmmirror.com/@esbuild/android-x64/-/android-x64-0.25.0.tgz", { "os": "android", "cpu": "x64" }, "sha512-m/ix7SfKG5buCnxasr52+LI78SQ+wgdENi9CqyCXwjVR2X4Jkz+BpC3le3AoBPYTC9NHklwngVXvbJ9/Akhrfg=="],

    "@esbuild/darwin-arm64": ["@esbuild/darwin-arm64@0.25.0", "https://registry.npmmirror.com/@esbuild/darwin-arm64/-/darwin-arm64-0.25.0.tgz", { "os": "darwin", "cpu": "arm64" }, "sha512-mVwdUb5SRkPayVadIOI78K7aAnPamoeFR2bT5nszFUZ9P8UpK4ratOdYbZZXYSqPKMHfS1wdHCJk1P1EZpRdvw=="],

    "@esbuild/darwin-x64": ["@esbuild/darwin-x64@0.25.0", "https://registry.npmmirror.com/@esbuild/darwin-x64/-/darwin-x64-0.25.0.tgz", { "os": "darwin", "cpu": "x64" }, "sha512-DgDaYsPWFTS4S3nWpFcMn/33ZZwAAeAFKNHNa1QN0rI4pUjgqf0f7ONmXf6d22tqTY+H9FNdgeaAa+YIFUn2Rg=="],

    "@esbuild/freebsd-arm64": ["@esbuild/freebsd-arm64@0.25.0", "https://registry.npmmirror.com/@esbuild/freebsd-arm64/-/freebsd-arm64-0.25.0.tgz", { "os": "freebsd", "cpu": "arm64" }, "sha512-VN4ocxy6dxefN1MepBx/iD1dH5K8qNtNe227I0mnTRjry8tj5MRk4zprLEdG8WPyAPb93/e4pSgi1SoHdgOa4w=="],

    "@esbuild/freebsd-x64": ["@esbuild/freebsd-x64@0.25.0", "https://registry.npmmirror.com/@esbuild/freebsd-x64/-/freebsd-x64-0.25.0.tgz", { "os": "freebsd", "cpu": "x64" }, "sha512-mrSgt7lCh07FY+hDD1TxiTyIHyttn6vnjesnPoVDNmDfOmggTLXRv8Id5fNZey1gl/V2dyVK1VXXqVsQIiAk+A=="],

    "@esbuild/linux-arm": ["@esbuild/linux-arm@0.25.0", "https://registry.npmmirror.com/@esbuild/linux-arm/-/linux-arm-0.25.0.tgz", { "os": "linux", "cpu": "arm" }, "sha512-vkB3IYj2IDo3g9xX7HqhPYxVkNQe8qTK55fraQyTzTX/fxaDtXiEnavv9geOsonh2Fd2RMB+i5cbhu2zMNWJwg=="],

    "@esbuild/linux-arm64": ["@esbuild/linux-arm64@0.25.0", "https://registry.npmmirror.com/@esbuild/linux-arm64/-/linux-arm64-0.25.0.tgz", { "os": "linux", "cpu": "arm64" }, "sha512-9QAQjTWNDM/Vk2bgBl17yWuZxZNQIF0OUUuPZRKoDtqF2k4EtYbpyiG5/Dk7nqeK6kIJWPYldkOcBqjXjrUlmg=="],

    "@esbuild/linux-ia32": ["@esbuild/linux-ia32@0.25.0", "https://registry.npmmirror.com/@esbuild/linux-ia32/-/linux-ia32-0.25.0.tgz", { "os": "linux", "cpu": "ia32" }, "sha512-43ET5bHbphBegyeqLb7I1eYn2P/JYGNmzzdidq/w0T8E2SsYL1U6un2NFROFRg1JZLTzdCoRomg8Rvf9M6W6Gg=="],

    "@esbuild/linux-loong64": ["@esbuild/linux-loong64@0.25.0", "https://registry.npmmirror.com/@esbuild/linux-loong64/-/linux-loong64-0.25.0.tgz", { "os": "linux", "cpu": "none" }, "sha512-fC95c/xyNFueMhClxJmeRIj2yrSMdDfmqJnyOY4ZqsALkDrrKJfIg5NTMSzVBr5YW1jf+l7/cndBfP3MSDpoHw=="],

    "@esbuild/linux-mips64el": ["@esbuild/linux-mips64el@0.25.0", "https://registry.npmmirror.com/@esbuild/linux-mips64el/-/linux-mips64el-0.25.0.tgz", { "os": "linux", "cpu": "none" }, "sha512-nkAMFju7KDW73T1DdH7glcyIptm95a7Le8irTQNO/qtkoyypZAnjchQgooFUDQhNAy4iu08N79W4T4pMBwhPwQ=="],

    "@esbuild/linux-ppc64": ["@esbuild/linux-ppc64@0.25.0", "https://registry.npmmirror.com/@esbuild/linux-ppc64/-/linux-ppc64-0.25.0.tgz", { "os": "linux", "cpu": "ppc64" }, "sha512-NhyOejdhRGS8Iwv+KKR2zTq2PpysF9XqY+Zk77vQHqNbo/PwZCzB5/h7VGuREZm1fixhs4Q/qWRSi5zmAiO4Fw=="],

    "@esbuild/linux-riscv64": ["@esbuild/linux-riscv64@0.25.0", "https://registry.npmmirror.com/@esbuild/linux-riscv64/-/linux-riscv64-0.25.0.tgz", { "os": "linux", "cpu": "none" }, "sha512-5S/rbP5OY+GHLC5qXp1y/Mx//e92L1YDqkiBbO9TQOvuFXM+iDqUNG5XopAnXoRH3FjIUDkeGcY1cgNvnXp/kA=="],

    "@esbuild/linux-s390x": ["@esbuild/linux-s390x@0.25.0", "https://registry.npmmirror.com/@esbuild/linux-s390x/-/linux-s390x-0.25.0.tgz", { "os": "linux", "cpu": "s390x" }, "sha512-XM2BFsEBz0Fw37V0zU4CXfcfuACMrppsMFKdYY2WuTS3yi8O1nFOhil/xhKTmE1nPmVyvQJjJivgDT+xh8pXJA=="],

    "@esbuild/linux-x64": ["@esbuild/linux-x64@0.25.0", "https://registry.npmmirror.com/@esbuild/linux-x64/-/linux-x64-0.25.0.tgz", { "os": "linux", "cpu": "x64" }, "sha512-9yl91rHw/cpwMCNytUDxwj2XjFpxML0y9HAOH9pNVQDpQrBxHy01Dx+vaMu0N1CKa/RzBD2hB4u//nfc+Sd3Cw=="],

    "@esbuild/netbsd-arm64": ["@esbuild/netbsd-arm64@0.25.0", "https://registry.npmmirror.com/@esbuild/netbsd-arm64/-/netbsd-arm64-0.25.0.tgz", { "os": "none", "cpu": "arm64" }, "sha512-RuG4PSMPFfrkH6UwCAqBzauBWTygTvb1nxWasEJooGSJ/NwRw7b2HOwyRTQIU97Hq37l3npXoZGYMy3b3xYvPw=="],

    "@esbuild/netbsd-x64": ["@esbuild/netbsd-x64@0.25.0", "https://registry.npmmirror.com/@esbuild/netbsd-x64/-/netbsd-x64-0.25.0.tgz", { "os": "none", "cpu": "x64" }, "sha512-jl+qisSB5jk01N5f7sPCsBENCOlPiS/xptD5yxOx2oqQfyourJwIKLRA2yqWdifj3owQZCL2sn6o08dBzZGQzA=="],

    "@esbuild/openbsd-arm64": ["@esbuild/openbsd-arm64@0.25.0", "https://registry.npmmirror.com/@esbuild/openbsd-arm64/-/openbsd-arm64-0.25.0.tgz", { "os": "openbsd", "cpu": "arm64" }, "sha512-21sUNbq2r84YE+SJDfaQRvdgznTD8Xc0oc3p3iW/a1EVWeNj/SdUCbm5U0itZPQYRuRTW20fPMWMpcrciH2EJw=="],

    "@esbuild/openbsd-x64": ["@esbuild/openbsd-x64@0.25.0", "https://registry.npmmirror.com/@esbuild/openbsd-x64/-/openbsd-x64-0.25.0.tgz", { "os": "openbsd", "cpu": "x64" }, "sha512-2gwwriSMPcCFRlPlKx3zLQhfN/2WjJ2NSlg5TKLQOJdV0mSxIcYNTMhk3H3ulL/cak+Xj0lY1Ym9ysDV1igceg=="],

    "@esbuild/sunos-x64": ["@esbuild/sunos-x64@0.25.0", "https://registry.npmmirror.com/@esbuild/sunos-x64/-/sunos-x64-0.25.0.tgz", { "os": "sunos", "cpu": "x64" }, "sha512-bxI7ThgLzPrPz484/S9jLlvUAHYMzy6I0XiU1ZMeAEOBcS0VePBFxh1JjTQt3Xiat5b6Oh4x7UC7IwKQKIJRIg=="],

    "@esbuild/win32-arm64": ["@esbuild/win32-arm64@0.25.0", "https://registry.npmmirror.com/@esbuild/win32-arm64/-/win32-arm64-0.25.0.tgz", { "os": "win32", "cpu": "arm64" }, "sha512-ZUAc2YK6JW89xTbXvftxdnYy3m4iHIkDtK3CLce8wg8M2L+YZhIvO1DKpxrd0Yr59AeNNkTiic9YLf6FTtXWMw=="],

    "@esbuild/win32-ia32": ["@esbuild/win32-ia32@0.25.0", "https://registry.npmmirror.com/@esbuild/win32-ia32/-/win32-ia32-0.25.0.tgz", { "os": "win32", "cpu": "ia32" }, "sha512-eSNxISBu8XweVEWG31/JzjkIGbGIJN/TrRoiSVZwZ6pkC6VX4Im/WV2cz559/TXLcYbcrDN8JtKgd9DJVIo8GA=="],

    "@esbuild/win32-x64": ["@esbuild/win32-x64@0.25.0", "https://registry.npmmirror.com/@esbuild/win32-x64/-/win32-x64-0.25.0.tgz", { "os": "win32", "cpu": "x64" }, "sha512-ZENoHJBxA20C2zFzh6AI4fT6RraMzjYw4xKWemRTRmRVtN9c5DcH9r/f2ihEkMjOW5eGgrwCslG/+Y/3bL+DHQ=="],

    "@kitajs/html": ["@kitajs/html@4.2.7", "https://registry.npmmirror.com/@kitajs/html/-/html-4.2.7.tgz", { "dependencies": { "csstype": "^3.1.3" } }, "sha512-HMAHy0GLH7i7wY1o0W1TeugNhtWefUkhb9l6zx6v2fIkR1cPlUtQQdkTt/jkBA7723yO7uBERcXFPZpWT7HWPQ=="],

    "@kitajs/ts-html-plugin": ["@kitajs/ts-html-plugin@4.1.1", "https://registry.npmmirror.com/@kitajs/ts-html-plugin/-/ts-html-plugin-4.1.1.tgz", { "dependencies": { "chalk": "^4.1.2", "tslib": "^2.8.1", "yargs": "^17.7.2" }, "peerDependencies": { "@kitajs/html": "^4.2.5", "typescript": "^5.6.2" }, "bin": { "ts-html-plugin": "dist/cli.js", "xss-scan": "dist/cli.js" } }, "sha512-wmjyV8hmJmDOnUM/ZyPkc0UBYgUYmf32/93rkW8wr8h+HiHVMU0tEKFnmRdBjTcy9jwoC9Bnt2NuzS9l67lq5g=="],

    "@prisma/client": ["@prisma/client@6.4.1", "https://registry.npmmirror.com/@prisma/client/-/client-6.4.1.tgz", { "peerDependencies": { "prisma": "*", "typescript": ">=5.1.0" }, "optionalPeers": ["prisma", "typescript"] }, "sha512-A7Mwx44+GVZVexT5e2GF/WcKkEkNNKbgr059xpr5mn+oUm2ZW1svhe+0TRNBwCdzhfIZ+q23jEgsNPvKD9u+6g=="],

    "@prisma/debug": ["@prisma/debug@6.4.1", "https://registry.npmmirror.com/@prisma/debug/-/debug-6.4.1.tgz", {}, "sha512-Q9xk6yjEGIThjSD8zZegxd5tBRNHYd13GOIG0nLsanbTXATiPXCLyvlYEfvbR2ft6dlRsziQXfQGxAgv7zcMUA=="],

    "@prisma/engines": ["@prisma/engines@6.4.1", "https://registry.npmmirror.com/@prisma/engines/-/engines-6.4.1.tgz", { "dependencies": { "@prisma/debug": "6.4.1", "@prisma/engines-version": "6.4.0-29.a9055b89e58b4b5bfb59600785423b1db3d0e75d", "@prisma/fetch-engine": "6.4.1", "@prisma/get-platform": "6.4.1" } }, "sha512-KldENzMHtKYwsOSLThghOIdXOBEsfDuGSrxAZjMnimBiDKd3AE4JQ+Kv+gBD/x77WoV9xIPf25GXMWffXZ17BA=="],

    "@prisma/engines-version": ["@prisma/engines-version@6.4.0-29.a9055b89e58b4b5bfb59600785423b1db3d0e75d", "https://registry.npmmirror.com/@prisma/engines-version/-/engines-version-6.4.0-29.a9055b89e58b4b5bfb59600785423b1db3d0e75d.tgz", {}, "sha512-Xq54qw55vaCGrGgIJqyDwOq0TtjZPJEWsbQAHugk99hpDf2jcEeQhUcF+yzEsSqegBaDNLA4IC8Nn34sXmkiTQ=="],

    "@prisma/fetch-engine": ["@prisma/fetch-engine@6.4.1", "https://registry.npmmirror.com/@prisma/fetch-engine/-/fetch-engine-6.4.1.tgz", { "dependencies": { "@prisma/debug": "6.4.1", "@prisma/engines-version": "6.4.0-29.a9055b89e58b4b5bfb59600785423b1db3d0e75d", "@prisma/get-platform": "6.4.1" } }, "sha512-uZ5hVeTmDspx7KcaRCNoXmcReOD+84nwlO2oFvQPRQh9xiFYnnUKDz7l9bLxp8t4+25CsaNlgrgilXKSQwrIGQ=="],

    "@prisma/get-platform": ["@prisma/get-platform@6.4.1", "https://registry.npmmirror.com/@prisma/get-platform/-/get-platform-6.4.1.tgz", { "dependencies": { "@prisma/debug": "6.4.1" } }, "sha512-gXqZaDI5scDkBF8oza7fOD3Q3QMD0e0rBynlzDDZdTWbWmzjuW58PRZtj+jkvKje2+ZigCWkH8SsWZAsH6q1Yw=="],

    "@sinclair/typebox": ["@sinclair/typebox@0.34.28", "https://registry.npmmirror.com/@sinclair/typebox/-/typebox-0.34.28.tgz", {}, "sha512-e2B9vmvaa5ym5hWgCHw5CstP54au6AOLXrhZErLsOyyRzuWJtXl/8TszKtc5x8rw/b+oY7HKS9m9iRI53RK0WQ=="],

    "@types/bun": ["@types/bun@1.2.4", "https://registry.npmmirror.com/@types/bun/-/bun-1.2.4.tgz", { "dependencies": { "bun-types": "1.2.4" } }, "sha512-QtuV5OMR8/rdKJs213iwXDpfVvnskPXY/S0ZiFbsTjQZycuqPbMW8Gf/XhLfwE5njW8sxI2WjISURXPlHypMFA=="],

    "@types/cookie": ["@types/cookie@0.5.4", "https://registry.npmmirror.com/@types/cookie/-/cookie-0.5.4.tgz", {}, "sha512-7z/eR6O859gyWIAjuvBWFzNURmf2oPBmJlfVWkwehU5nzIyjwBsTh7WMmEEV4JFnHuQ3ex4oyTvfKzcyJVDBNA=="],

    "@types/cookie-signature": ["@types/cookie-signature@1.1.2", "https://registry.npmmirror.com/@types/cookie-signature/-/cookie-signature-1.1.2.tgz", { "dependencies": { "@types/node": "*" } }, "sha512-2OhrZV2LVnUAXklUFwuYUTokalh/dUb8rqt70OW6ByMSxYpauPZ+kfNLknX3aJyjY5iu8i3cUyoLZP9Fn37tTg=="],

    "@types/jsonwebtoken": ["@types/jsonwebtoken@9.0.9", "https://registry.npmmirror.com/@types/jsonwebtoken/-/jsonwebtoken-9.0.9.tgz", { "dependencies": { "@types/ms": "*", "@types/node": "*" } }, "sha512-uoe+GxEuHbvy12OUQct2X9JenKM3qAscquYymuQN4fMWG9DBQtykrQEFcAbVACF7qaLw9BePSodUL0kquqBJpQ=="],

    "@types/ms": ["@types/ms@2.1.0", "https://registry.npmmirror.com/@types/ms/-/ms-2.1.0.tgz", {}, "sha512-GsCCIZDE/p3i96vtEqx+7dBUGXrc7zeSK3wwPHIaRThS+9OhWIXRqzs4d6k1SVU8g91DrNRWxWUGhp5KXQb2VA=="],

    "@types/node": ["@types/node@22.13.5", "https://registry.npmmirror.com/@types/node/-/node-22.13.5.tgz", { "dependencies": { "undici-types": "~6.20.0" } }, "sha512-+lTU0PxZXn0Dr1NBtC7Y8cR21AJr87dLLU953CWA6pMxxv/UDc7jYAY90upcrie1nRcD6XNG5HOYEDtgW5TxAg=="],

    "@types/ws": ["@types/ws@8.5.14", "https://registry.npmmirror.com/@types/ws/-/ws-8.5.14.tgz", { "dependencies": { "@types/node": "*" } }, "sha512-bd/YFLW+URhBzMXurx7lWByOu+xzU9+kb3RboOteXYDfW+tr+JZa99OyNmPINEGB/ahzKrEuc8rcv4gnpJmxTw=="],

    "ansi-regex": ["ansi-regex@5.0.1", "https://registry.npmmirror.com/ansi-regex/-/ansi-regex-5.0.1.tgz", {}, "sha512-quJQXlTSUGL2LH9SUXo8VwsY4soanhgo6LNSm84E1LBcE8s3O0wpdiRzyR9z/ZZJMlMWv37qOOb9pdJlMUEKFQ=="],

    "ansi-styles": ["ansi-styles@4.3.0", "https://registry.npmmirror.com/ansi-styles/-/ansi-styles-4.3.0.tgz", { "dependencies": { "color-convert": "^2.0.1" } }, "sha512-zbB9rCJAT1rbjiVDb2hqKFHNYLxgtk8NURxZ3IZwD3F6NtxbXZQCnnSi1Lkx+IDohdPlFp222wVALIheZJQSEg=="],

    "buffer-equal-constant-time": ["buffer-equal-constant-time@1.0.1", "https://registry.npmmirror.com/buffer-equal-constant-time/-/buffer-equal-constant-time-1.0.1.tgz", {}, "sha512-zRpUiDwd/xk6ADqPMATG8vc9VPrkck7T07OIx0gnjmJAnHnTVXNQG3vfvWNuiZIkwu9KrKdA1iJKfsfTVxE6NA=="],

    "bun-types": ["bun-types@1.2.4", "https://registry.npmmirror.com/bun-types/-/bun-types-1.2.4.tgz", { "dependencies": { "@types/node": "*", "@types/ws": "~8.5.10" } }, "sha512-nDPymR207ZZEoWD4AavvEaa/KZe/qlrbMSchqpQwovPZCKc7pwMoENjEtHgMKaAjJhy+x6vfqSBA1QU3bJgs0Q=="],

    "chalk": ["chalk@4.1.2", "https://registry.npmmirror.com/chalk/-/chalk-4.1.2.tgz", { "dependencies": { "ansi-styles": "^4.1.0", "supports-color": "^7.1.0" } }, "sha512-oKnbhFyRIXpUuez8iBMmyEa4nbj4IOQyuhc/wy9kY7/WVPcwIO9VA668Pu8RkO7+0G76SLROeyw9CpQ061i4mA=="],

    "cliui": ["cliui@8.0.1", "https://registry.npmmirror.com/cliui/-/cliui-8.0.1.tgz", { "dependencies": { "string-width": "^4.2.0", "strip-ansi": "^6.0.1", "wrap-ansi": "^7.0.0" } }, "sha512-BSeNnyus75C4//NQ9gQt1/csTXyo/8Sb+afLAkzAptFuMsod9HFokGNudZpi/oQV73hnVK+sR+5PVRMd+Dr7YQ=="],

    "clone": ["clone@2.1.2", "https://registry.npmmirror.com/clone/-/clone-2.1.2.tgz", {}, "sha512-3Pe/CF1Nn94hyhIYpjtiLhdCoEoz0DqQ+988E9gmeEdQZlojxnOb74wctFyuwWQHzqyf9X7C7MG8juUpqBJT8w=="],

    "color-convert": ["color-convert@2.0.1", "https://registry.npmmirror.com/color-convert/-/color-convert-2.0.1.tgz", { "dependencies": { "color-name": "~1.1.4" } }, "sha512-RRECPsj7iu/xb5oKYcsFHSppFNnsj/52OVTRKb4zP5onXwVF3zVmmToNcOfGC+CRDpfK/U584fMg38ZHCaElKQ=="],

    "color-name": ["color-name@1.1.4", "https://registry.npmmirror.com/color-name/-/color-name-1.1.4.tgz", {}, "sha512-dOy+3AuW3a2wNbZHIuMZpTcgjGuLU/uBL/ubcZF9OXbDo8ff4O8yVp5Bf0efS8uEoYo5q4Fx7dY9OgQGXgAsQA=="],

    "cookie": ["cookie@0.5.0", "https://registry.npmmirror.com/cookie/-/cookie-0.5.0.tgz", {}, "sha512-YZ3GUyn/o8gfKJlnlX7g7xq4gyO6OSuhGPKaaGssGB2qgDUS0gPgtTvoyZLTt9Ab6dC4hfc9dV5arkvc/OCmrw=="],

    "cookie-signature": ["cookie-signature@1.2.2", "https://registry.npmmirror.com/cookie-signature/-/cookie-signature-1.2.2.tgz", {}, "sha512-D76uU73ulSXrD1UXF4KE2TMxVVwhsnCgfAyTg9k8P6KGZjlXKrOLe4dJQKI3Bxi5wjesZoFXJWElNWBjPZMbhg=="],

    "csstype": ["csstype@3.1.3", "https://registry.npmmirror.com/csstype/-/csstype-3.1.3.tgz", {}, "sha512-M1uQkMl8rQK/szD0LNhtqxIPLpimGm8sOBwU7lLnCpSbTyY3yeU1Vc7l4KT5zT4s/yOxHH5O7tIuuLOCnLADRw=="],

    "debug": ["debug@4.4.0", "https://registry.npmmirror.com/debug/-/debug-4.4.0.tgz", { "dependencies": { "ms": "^2.1.3" } }, "sha512-6WTZ/IxCY/T6BALoZHaE4ctp9xm+Z5kY/pzYaCHRFeyVhojxlrm+46y68HA6hr0TcwEssoxNiDEUJQjfPZ/RYA=="],

    "ecdsa-sig-formatter": ["ecdsa-sig-formatter@1.0.11", "https://registry.npmmirror.com/ecdsa-sig-formatter/-/ecdsa-sig-formatter-1.0.11.tgz", { "dependencies": { "safe-buffer": "^5.0.1" } }, "sha512-nagl3RYrbNv6kQkeJIpt6NJZy8twLB/2vtz6yN9Z4vRKHN4/QZJIEbqohALSgwKdnksuY3k5Addp5lg8sVoVcQ=="],

    "elysia": ["elysia@1.2.22", "https://registry.npmmirror.com/elysia/-/elysia-1.2.22.tgz", { "dependencies": { "@sinclair/typebox": "^0.34.27", "cookie": "^1.0.2", "memoirist": "^0.3.0", "openapi-types": "^12.1.3" }, "peerDependencies": { "typescript": ">= 5.0.0" }, "optionalPeers": ["typescript"] }, "sha512-Cj6PTpdLqzq2xbzdWffMyH6eEBe6NY06SS0Qdq48jU5Qtw/TG2rhiw0UHqxbTkYVAyNbR4EmVeQvNcNgNdE9xg=="],

    "emoji-regex": ["emoji-regex@8.0.0", "https://registry.npmmirror.com/emoji-regex/-/emoji-regex-8.0.0.tgz", {}, "sha512-MSjYzcWNOA0ewAHpz0MxpYFvwg6yjy1NG3xteoqz644VCo/RPgnr1/GGt+ic3iJTzQ8Eu3TdM14SawnVUmGE6A=="],

    "esbuild": ["esbuild@0.25.0", "https://registry.npmmirror.com/esbuild/-/esbuild-0.25.0.tgz", { "optionalDependencies": { "@esbuild/aix-ppc64": "0.25.0", "@esbuild/android-arm": "0.25.0", "@esbuild/android-arm64": "0.25.0", "@esbuild/android-x64": "0.25.0", "@esbuild/darwin-arm64": "0.25.0", "@esbuild/darwin-x64": "0.25.0", "@esbuild/freebsd-arm64": "0.25.0", "@esbuild/freebsd-x64": "0.25.0", "@esbuild/linux-arm": "0.25.0", "@esbuild/linux-arm64": "0.25.0", "@esbuild/linux-ia32": "0.25.0", "@esbuild/linux-loong64": "0.25.0", "@esbuild/linux-mips64el": "0.25.0", "@esbuild/linux-ppc64": "0.25.0", "@esbuild/linux-riscv64": "0.25.0", "@esbuild/linux-s390x": "0.25.0", "@esbuild/linux-x64": "0.25.0", "@esbuild/netbsd-arm64": "0.25.0", "@esbuild/netbsd-x64": "0.25.0", "@esbuild/openbsd-arm64": "0.25.0", "@esbuild/openbsd-x64": "0.25.0", "@esbuild/sunos-x64": "0.25.0", "@esbuild/win32-arm64": "0.25.0", "@esbuild/win32-ia32": "0.25.0", "@esbuild/win32-x64": "0.25.0" }, "bin": { "esbuild": "bin/esbuild" } }, "sha512-BXq5mqc8ltbaN34cDqWuYKyNhX8D/Z0J1xdtdQ8UcIIIyJyz+ZMKUt58tF3SrZ85jcfN/PZYhjR5uDQAYNVbuw=="],

    "esbuild-register": ["esbuild-register@3.6.0", "https://registry.npmmirror.com/esbuild-register/-/esbuild-register-3.6.0.tgz", { "dependencies": { "debug": "^4.3.4" }, "peerDependencies": { "esbuild": ">=0.12 <1" } }, "sha512-H2/S7Pm8a9CL1uhp9OvjwrBh5Pvx0H8qVOxNu8Wed9Y7qv56MPtq+GGM8RJpq6glYJn9Wspr8uw7l55uyinNeg=="],

    "escalade": ["escalade@3.2.0", "https://registry.npmmirror.com/escalade/-/escalade-3.2.0.tgz", {}, "sha512-WUj2qlxaQtO4g6Pq5c29GTcWGDyd8itL8zTlipgECz3JesAiiOKotd8JU6otB3PACgG6xkJUyVhboMS+bje/jA=="],

    "fsevents": ["fsevents@2.3.3", "https://registry.npmmirror.com/fsevents/-/fsevents-2.3.3.tgz", { "os": "darwin" }, "sha512-5xoDfX+fL7faATnagmWPpbFtwh/R77WmMMqqHGS65C3vvB0YHrgF+B1YmZ3441tMj5n63k0212XNoJwzlhffQw=="],

    "get-caller-file": ["get-caller-file@2.0.5", "https://registry.npmmirror.com/get-caller-file/-/get-caller-file-2.0.5.tgz", {}, "sha512-DyFP3BM/3YHTQOCUL/w0OZHR0lpKeGrxotcHWcqNEdnltqFwXVfhEBQ94eIo34AfQpo0rGki4cyIiftY06h2Fg=="],

    "has-flag": ["has-flag@4.0.0", "https://registry.npmmirror.com/has-flag/-/has-flag-4.0.0.tgz", {}, "sha512-EykJT/Q1KjTWctppgIAgfSO0tKVuZUjhgMr17kqTumMl6Afv3EISleU7qZUzoXDFTAHTDC4NOoG/ZxU3EvlMPQ=="],

    "is-fullwidth-code-point": ["is-fullwidth-code-point@3.0.0", "https://registry.npmmirror.com/is-fullwidth-code-point/-/is-fullwidth-code-point-3.0.0.tgz", {}, "sha512-zymm5+u+sCsSWyD9qNaejV3DFvhCKclKdizYaJUuHA83RLjb7nSuGnddCHGv0hk+KY7BMAlsWeK4Ueg6EV6XQg=="],

    "jsonwebtoken": ["jsonwebtoken@9.0.2", "https://registry.npmmirror.com/jsonwebtoken/-/jsonwebtoken-9.0.2.tgz", { "dependencies": { "jws": "^3.2.2", "lodash.includes": "^4.3.0", "lodash.isboolean": "^3.0.3", "lodash.isinteger": "^4.0.4", "lodash.isnumber": "^3.0.3", "lodash.isplainobject": "^4.0.6", "lodash.isstring": "^4.0.1", "lodash.once": "^4.0.0", "ms": "^2.1.1", "semver": "^7.5.4" } }, "sha512-PRp66vJ865SSqOlgqS8hujT5U4AOgMfhrwYIuIhfKaoSCZcirrmASQr8CX7cUg+RMih+hgznrjp99o+W4pJLHQ=="],

    "jwa": ["jwa@1.4.1", "https://registry.npmmirror.com/jwa/-/jwa-1.4.1.tgz", { "dependencies": { "buffer-equal-constant-time": "1.0.1", "ecdsa-sig-formatter": "1.0.11", "safe-buffer": "^5.0.1" } }, "sha512-qiLX/xhEEFKUAJ6FiBMbes3w9ATzyk5W7Hvzpa/SLYdxNtng+gcurvrI7TbACjIXlsJyr05/S1oUhZrc63evQA=="],

    "jws": ["jws@3.2.2", "https://registry.npmmirror.com/jws/-/jws-3.2.2.tgz", { "dependencies": { "jwa": "^1.4.1", "safe-buffer": "^5.0.1" } }, "sha512-YHlZCB6lMTllWDtSPHz/ZXTsi8S00usEV6v1tjq8tOUZzw7DpSDWVXjXDre6ed1w/pd495ODpHZYSdkRTsa0HA=="],

    "lodash.includes": ["lodash.includes@4.3.0", "https://registry.npmmirror.com/lodash.includes/-/lodash.includes-4.3.0.tgz", {}, "sha512-W3Bx6mdkRTGtlJISOvVD/lbqjTlPPUDTMnlXZFnVwi9NKJ6tiAk6LVdlhZMm17VZisqhKcgzpO5Wz91PCt5b0w=="],

    "lodash.isboolean": ["lodash.isboolean@3.0.3", "https://registry.npmmirror.com/lodash.isboolean/-/lodash.isboolean-3.0.3.tgz", {}, "sha512-Bz5mupy2SVbPHURB98VAcw+aHh4vRV5IPNhILUCsOzRmsTmSQ17jIuqopAentWoehktxGd9e/hbIXq980/1QJg=="],

    "lodash.isinteger": ["lodash.isinteger@4.0.4", "https://registry.npmmirror.com/lodash.isinteger/-/lodash.isinteger-4.0.4.tgz", {}, "sha512-DBwtEWN2caHQ9/imiNeEA5ys1JoRtRfY3d7V9wkqtbycnAmTvRRmbHKDV4a0EYc678/dia0jrte4tjYwVBaZUA=="],

    "lodash.isnumber": ["lodash.isnumber@3.0.3", "https://registry.npmmirror.com/lodash.isnumber/-/lodash.isnumber-3.0.3.tgz", {}, "sha512-QYqzpfwO3/CWf3XP+Z+tkQsfaLL/EnUlXWVkIk5FUPc4sBdTehEqZONuyRt2P67PXAk+NXmTBcc97zw9t1FQrw=="],

    "lodash.isplainobject": ["lodash.isplainobject@4.0.6", "https://registry.npmmirror.com/lodash.isplainobject/-/lodash.isplainobject-4.0.6.tgz", {}, "sha512-oSXzaWypCMHkPC3NvBEaPHf0KsA5mvPrOPgQWDsbg8n7orZ290M0BmC/jgRZ4vcJ6DTAhjrsSYgdsW/F+MFOBA=="],

    "lodash.isstring": ["lodash.isstring@4.0.1", "https://registry.npmmirror.com/lodash.isstring/-/lodash.isstring-4.0.1.tgz", {}, "sha512-0wJxfxH1wgO3GrbuP+dTTk7op+6L41QCXbGINEmD+ny/G/eCqGzxyCsh7159S+mgDDcoarnBw6PC1PS5+wUGgw=="],

    "lodash.once": ["lodash.once@4.1.1", "https://registry.npmmirror.com/lodash.once/-/lodash.once-4.1.1.tgz", {}, "sha512-Sb487aTOCr9drQVL8pIxOzVhafOjZN9UU54hiN8PU3uAiSV7lx1yYNpbNmex2PK6dSJoNTSJUUswT651yww3Mg=="],

    "memoirist": ["memoirist@0.3.0", "https://registry.npmmirror.com/memoirist/-/memoirist-0.3.0.tgz", {}, "sha512-wR+4chMgVPq+T6OOsk40u9Wlpw1Pjx66NMNiYxCQQ4EUJ7jDs3D9kTCeKdBOkvAiqXlHLVJlvYL01PvIJ1MPNg=="],

    "ms": ["ms@2.1.3", "https://registry.npmmirror.com/ms/-/ms-2.1.3.tgz", {}, "sha512-6FlzubTLZG3J2a/NVCAleEhjzq5oxgHyaCU9yYXvcLsvoVaHJq/s5xXI6/XXP6tz7R9xAOtHnSO/tXtF3WRTlA=="],

    "node-cache": ["node-cache@5.1.2", "https://registry.npmmirror.com/node-cache/-/node-cache-5.1.2.tgz", { "dependencies": { "clone": "2.x" } }, "sha512-t1QzWwnk4sjLWaQAS8CHgOJ+RAfmHpxFWmc36IWTiWHQfs0w5JDMBS1b1ZxQteo0vVVuWJvIUKHDkkeK7vIGCg=="],

    "openapi-types": ["openapi-types@12.1.3", "https://registry.npmmirror.com/openapi-types/-/openapi-types-12.1.3.tgz", {}, "sha512-N4YtSYJqghVu4iek2ZUvcN/0aqH1kRDuNqzcycDxhOUpg7GdvLa2F3DgS6yBNhInhv2r/6I0Flkn7CqL8+nIcw=="],

    "prisma": ["prisma@6.4.1", "https://registry.npmmirror.com/prisma/-/prisma-6.4.1.tgz", { "dependencies": { "@prisma/engines": "6.4.1", "esbuild": ">=0.12 <1", "esbuild-register": "3.6.0" }, "optionalDependencies": { "fsevents": "2.3.3" }, "peerDependencies": { "typescript": ">=5.1.0" }, "optionalPeers": ["typescript"], "bin": { "prisma": "build/index.js" } }, "sha512-q2uJkgXnua/jj66mk6P9bX/zgYJFI/jn4Yp0aS6SPRrjH/n6VyOV7RDe1vHD0DX8Aanx4MvgmUPPoYnR6MJnPg=="],

    "require-directory": ["require-directory@2.1.1", "https://registry.npmmirror.com/require-directory/-/require-directory-2.1.1.tgz", {}, "sha512-fGxEI7+wsG9xrvdjsrlmL22OMTTiHRwAMroiEeMgq8gzoLC/PQr7RsRDSTLUg/bZAZtF+TVIkHc6/4RIKrui+Q=="],

    "safe-buffer": ["safe-buffer@5.2.1", "https://registry.npmmirror.com/safe-buffer/-/safe-buffer-5.2.1.tgz", {}, "sha512-rp3So07KcdmmKbGvgaNxQSJr7bGVSVk5S9Eq1F+ppbRo70+YeaDxkw5Dd8NPN+GD6bjnYm2VuPuCXmpuYvmCXQ=="],

    "semver": ["semver@7.7.1", "https://registry.npmmirror.com/semver/-/semver-7.7.1.tgz", { "bin": { "semver": "bin/semver.js" } }, "sha512-hlq8tAfn0m/61p4BVRcPzIGr6LKiMwo4VM6dGi6pt4qcRkmNzTcWq6eCEjEh+qXjkMDvPlOFFSGwQjoEa6gyMA=="],

    "string-width": ["string-width@4.2.3", "https://registry.npmmirror.com/string-width/-/string-width-4.2.3.tgz", { "dependencies": { "emoji-regex": "^8.0.0", "is-fullwidth-code-point": "^3.0.0", "strip-ansi": "^6.0.1" } }, "sha512-wKyQRQpjJ0sIp62ErSZdGsjMJWsap5oRNihHhu6G7JVO/9jIB6UyevL+tXuOqrng8j/cxKTWyWUwvSTriiZz/g=="],

    "strip-ansi": ["strip-ansi@6.0.1", "https://registry.npmmirror.com/strip-ansi/-/strip-ansi-6.0.1.tgz", { "dependencies": { "ansi-regex": "^5.0.1" } }, "sha512-Y38VPSHcqkFrCpFnQ9vuSXmquuv5oXOKpGeT6aGrr3o3Gc9AlVa6JBfUSOCnbxGGZF+/0ooI7KrPuUSztUdU5A=="],

    "supports-color": ["supports-color@7.2.0", "https://registry.npmmirror.com/supports-color/-/supports-color-7.2.0.tgz", { "dependencies": { "has-flag": "^4.0.0" } }, "sha512-qpCAvRl9stuOHveKsn7HncJRvv501qIacKzQlO/+Lwxc9+0q2wLyv4Dfvt80/DPn2pqOBsJdDiogXGR9+OvwRw=="],

    "tailwindcss": ["tailwindcss@4.0.9", "https://registry.npmmirror.com/tailwindcss/-/tailwindcss-4.0.9.tgz", {}, "sha512-12laZu+fv1ONDRoNR9ipTOpUD7RN9essRVkX36sjxuRUInpN7hIiHN4lBd/SIFjbISvnXzp8h/hXzmU8SQQYhw=="],

    "tslib": ["tslib@2.8.1", "https://registry.npmmirror.com/tslib/-/tslib-2.8.1.tgz", {}, "sha512-oJFu94HQb+KVduSUQL7wnpmqnfmLsOA/nAh6b6EH0wCEoK0/mPeXU6c3wKDV83MkOuHPRHtSXKKU99IBazS/2w=="],

    "typescript": ["typescript@5.7.3", "https://registry.npmmirror.com/typescript/-/typescript-5.7.3.tgz", { "bin": { "tsc": "bin/tsc", "tsserver": "bin/tsserver" } }, "sha512-84MVSjMEHP+FQRPy3pX9sTVV/INIex71s9TL2Gm5FG/WG1SqXeKyZ0k7/blY/4FdOzI12CBy1vGc4og/eus0fw=="],

    "undici-types": ["undici-types@6.20.0", "https://registry.npmmirror.com/undici-types/-/undici-types-6.20.0.tgz", {}, "sha512-Ny6QZ2Nju20vw1SRHe3d9jVu6gJ+4e3+MMpqu7pqE5HT6WsTSlce++GQmK5UXS8mzV8DSYHrQH+Xrf2jVcuKNg=="],

    "wrap-ansi": ["wrap-ansi@7.0.0", "https://registry.npmmirror.com/wrap-ansi/-/wrap-ansi-7.0.0.tgz", { "dependencies": { "ansi-styles": "^4.0.0", "string-width": "^4.1.0", "strip-ansi": "^6.0.0" } }, "sha512-YVGIj2kamLSTxw6NsZjoBxfSwsn0ycdesmc4p+Q21c5zPuZ1pl+NfxVdxPtdHvmNVOQ6XSYG4AUtyt/Fi7D16Q=="],

    "y18n": ["y18n@5.0.8", "https://registry.npmmirror.com/y18n/-/y18n-5.0.8.tgz", {}, "sha512-0pfFzegeDWJHJIAmTLRP2DwHjdF5s7jo9tuztdQxAhINCdvS+3nGINqPd00AphqJR/0LhANUS6/+7SCb98YOfA=="],

    "yargs": ["yargs@17.7.2", "https://registry.npmmirror.com/yargs/-/yargs-17.7.2.tgz", { "dependencies": { "cliui": "^8.0.1", "escalade": "^3.1.1", "get-caller-file": "^2.0.5", "require-directory": "^2.1.1", "string-width": "^4.2.3", "y18n": "^5.0.5", "yargs-parser": "^21.1.1" } }, "sha512-7dSzzRQ++CKnNI/krKnYRV7JKKPUXMEh61soaHKg9mrWEhzFWhFnxPxGl+69cD1Ou63C13NUPCnmIcrvqCuM6w=="],

    "yargs-parser": ["yargs-parser@21.1.1", "https://registry.npmmirror.com/yargs-parser/-/yargs-parser-21.1.1.tgz", {}, "sha512-tVpsJW7DdjecAiFpbIB1e3qxIQsE6NoPc5/eTdrbbIC4h0LVsWhnoa3g+m2HclBIujHzsxZ4VJVA+GUuc2/LBw=="],

    "elysia/cookie": ["cookie@1.0.2", "https://registry.npmmirror.com/cookie/-/cookie-1.0.2.tgz", {}, "sha512-9Kr/j4O16ISv8zBBhJoi4bXOYNTkFLOqSL3UDB0njXxCXNezjeyVrJyGOWtgfs/q2km1gwBcfH8q1yEGoMYunA=="],
  }
}
